
Microsoft Visual Studio Solution File, Format Version 12.00
# Visual Studio Version 16
VisualStudioVersion = 16.0.30523.141
MinimumVisualStudioVersion = 10.0.40219.1
Project("{9A19103F-16F7-4668-BE54-9A1E7A4F7556}") = "ISMFirstConsoleProject", "ISMFirstConsoleProject\ISMFirstConsoleProject.csproj", "{646E5954-7A59-4F49-B3C5-5AA28BE32F6C}"
EndProject
Project("{FAE04EC0-301F-11D3-BF4B-00C04F79EFBC}") = "SecondConsoleProject", "SecondConsoleProject\SecondConsoleProject.csproj", "{4552A156-B84C-43E9-BE27-0DCB0908A442}"
EndProject
Global
	GlobalSection(SolutionConfigurationPlatforms) = preSolution
		Debug|Any CPU = Debug|Any CPU
		Release|Any CPU = Release|Any CPU
	EndGlobalSection
	GlobalSection(ProjectConfigurationPlatforms) = postSolution
		{646E5954-7A59-4F49-B3C5-5AA28BE32F6C}.Debug|Any CPU.ActiveCfg = Debug|Any CPU
		{646E5954-7A59-4F49-B3C5-5AA28BE32F6C}.Debug|Any CPU.Build.0 = Debug|Any CPU
		{646E5954-7A59-4F49-B3C5-5AA28BE32F6C}.Release|Any CPU.ActiveCfg = Release|Any CPU
		{646E5954-7A59-4F49-B3C5-5AA28BE32F6C}.Release|Any CPU.Build.0 = Release|Any CPU
		{4552A156-B84C-43E9-BE27-0DCB0908A442}.Debug|Any CPU.ActiveCfg = Debug|Any CPU
		{4552A156-B84C-43E9-BE27-0DCB0908A442}.Debug|Any CPU.Build.0 = Debug|Any CPU
		{4552A156-B84C-43E9-BE27-0DCB0908A442}.Release|Any CPU.ActiveCfg = Release|Any CPU
		{4552A156-B84C-43E9-BE27-0DCB0908A442}.Release|Any CPU.Build.0 = Release|Any CPU
	EndGlobalSection
	GlobalSection(SolutionProperties) = preSolution
		HideSolutionNode = FALSE
	EndGlobalSection
	GlobalSection(ExtensibilityGlobals) = postSolution
		SolutionGuid = {FAC07925-A18A-4CF4-A2FF-4FAACFB1A6E3}
	EndGlobalSection
EndGlobal
